// !$*UTF8*$!
{
	archiveVersion = 1;
	classes = {
	};
	objectVersion = 56;
	objects = {

/* Begin PBXBuildFile section */
		4631C8F128FE9C6300A64CA3 /* AppDelegate.m in Sources */ = {isa = PBXBuildFile; fileRef = 4631C8F028FE9C6300A64CA3 /* AppDelegate.m */; };
		4631C8F428FE9C6300A64CA3 /* SceneDelegate.m in Sources */ = {isa = PBXBuildFile; fileRef = 4631C8F328FE9C6300A64CA3 /* SceneDelegate.m */; };
		4631C8F728FE9C6300A64CA3 /* ViewController.m in Sources */ = {isa = PBXBuildFile; fileRef = 4631C8F628FE9C6300A64CA3 /* ViewController.m */; };
		4631C8FA28FE9C6300A64CA3 /* Main.storyboard in Resources */ = {isa = PBXBuildFile; fileRef = 4631C8F828FE9C6300A64CA3 /* Main.storyboard */; };
		4631C8FC28FE9C6500A64CA3 /* Assets.xcassets in Resources */ = {isa = PBXBuildFile; fileRef = 4631C8FB28FE9C6500A64CA3 /* Assets.xcassets */; };
		4631C8FF28FE9C6500A64CA3 /* LaunchScreen.storyboard in Resources */ = {isa = PBXBuildFile; fileRef = 4631C8FD28FE9C6500A64CA3 /* LaunchScreen.storyboard */; };
		4631C90228FE9C6500A64CA3 /* main.m in Sources */ = {isa = PBXBuildFile; fileRef = 4631C90128FE9C6500A64CA3 /* main.m */; };
		46B8C4DB28FFF6CA0098FCB4 /* GoogleService-Info.plist in Resources */ = {isa = PBXBuildFile; fileRef = 46B8C4DA28FFF6CA0098FCB4 /* GoogleService-Info.plist */; };
		CC9B7B913CF4E07BB6BA400D /* Pods_storage_issues.framework in Frameworks */ = {isa = PBXBuildFile; fileRef = 41612FD3BE05079CE8EE49EC /* Pods_storage_issues.framework */; };
/* End PBXBuildFile section */

/* Begin PBXFileReference section */
		41612FD3BE05079CE8EE49EC /* Pods_storage_issues.framework */ = {isa = PBXFileReference; explicitFileType = wrapper.framework; includeInIndex = 0; path = Pods_storage_issues.framework; sourceTree = BUILT_PRODUCTS_DIR; };
		4631C8EC28FE9C6300A64CA3 /* storage-issues.app */ = {isa = PBXFileReference; explicitFileType = wrapper.application; includeInIndex = 0; path = "storage-issues.app"; sourceTree = BUILT_PRODUCTS_DIR; };
		4631C8EF28FE9C6300A64CA3 /* AppDelegate.h */ = {isa = PBXFileReference; lastKnownFileType = sourcecode.c.h; path = AppDelegate.h; sourceTree = "<group>"; };
		4631C8F028FE9C6300A64CA3 /* AppDelegate.m */ = {isa = PBXFileReference; lastKnownFileType = sourcecode.c.objc; path = AppDelegate.m; sourceTree = "<group>"; };
		4631C8F228FE9C6300A64CA3 /* SceneDelegate.h */ = {isa = PBXFileReference; lastKnownFileType = sourcecode.c.h; path = SceneDelegate.h; sourceTree = "<group>"; };
		4631C8F328FE9C6300A64CA3 /* SceneDelegate.m */ = {isa = PBXFileReference; lastKnownFileType = sourcecode.c.objc; path = SceneDelegate.m; sourceTree = "<group>"; };
		4631C8F528FE9C6300A64CA3 /* ViewController.h */ = {isa = PBXFileReference; lastKnownFileType = sourcecode.c.h; path = ViewController.h; sourceTree = "<group>"; };
		4631C8F628FE9C6300A64CA3 /* ViewController.m */ = {isa = PBXFileReference; lastKnownFileType = sourcecode.c.objc; path = ViewController.m; sourceTree = "<group>"; };
		4631C8F928FE9C6300A64CA3 /* Base */ = {isa = PBXFileReference; lastKnownFileType = file.storyboard; name = Base; path = Base.lproj/Main.storyboard; sourceTree = "<group>"; };
		4631C8FB28FE9C6500A64CA3 /* Assets.xcassets */ = {isa = PBXFileReference; lastKnownFileType = folder.assetcatalog; path = Assets.xcassets; sourceTree = "<group>"; };
		4631C8FE28FE9C6500A64CA3 /* Base */ = {isa = PBXFileReference; lastKnownFileType = file.storyboard; name = Base; path = Base.lproj/LaunchScreen.storyboard; sourceTree = "<group>"; };
		4631C90028FE9C6500A64CA3 /* Info.plist */ = {isa = PBXFileReference; lastKnownFileType = text.plist.xml; path = Info.plist; sourceTree = "<group>"; };
		4631C90128FE9C6500A64CA3 /* main.m */ = {isa = PBXFileReference; lastKnownFileType = sourcecode.c.objc; path = main.m; sourceTree = "<group>"; };
		46B8C4DA28FFF6CA0098FCB4 /* GoogleService-Info.plist */ = {isa = PBXFileReference; fileEncoding = 4; lastKnownFileType = text.plist.xml; path = "GoogleService-Info.plist"; sourceTree = "<group>"; };
		AAB0FEF2E07F10AD1E32D4C1 /* Pods-storage-issues.release.xcconfig */ = {isa = PBXFileReference; includeInIndex = 1; lastKnownFileType = text.xcconfig; name = "Pods-storage-issues.release.xcconfig"; path = "Target Support Files/Pods-storage-issues/Pods-storage-issues.release.xcconfig"; sourceTree = "<group>"; };
		C2B803197EA440E44FCAA495 /* Pods-storage-issues.debug.xcconfig */ = {isa = PBXFileReference; includeInIndex = 1; lastKnownFileType = text.xcconfig; name = "Pods-storage-issues.debug.xcconfig"; path = "Target Support Files/Pods-storage-issues/Pods-storage-issues.debug.xcconfig"; sourceTree = "<group>"; };
/* End PBXFileReference section */

/* Begin PBXFrameworksBuildPhase section */
		4631C8E928FE9C6300A64CA3 /* Frameworks */ = {
			isa = PBXFrameworksBuildPhase;
			buildActionMask = 2147483647;
			files = (
				CC9B7B913CF4E07BB6BA400D /* Pods_storage_issues.framework in Frameworks */,
			);
			runOnlyForDeploymentPostprocessing = 0;
		};
/* End PBXFrameworksBuildPhase section */

/* Begin PBXGroup section */
		4631C8E328FE9C6300A64CA3 = {
			isa = PBXGroup;
			children = (
				46B8C4DA28FFF6CA0098FCB4 /* GoogleService-Info.plist */,
				4631C8EE28FE9C6300A64CA3 /* storage-issues */,
				4631C8ED28FE9C6300A64CA3 /* Products */,
				9052899581DEFBDDB9A44664 /* Pods */,
				ADD6DF1D26477CC6C2EE1A7C /* Frameworks */,
			);
			sourceTree = "<group>";
		};
		4631C8ED28FE9C6300A64CA3 /* Products */ = {
			isa = PBXGroup;
			children = (
				4631C8EC28FE9C6300A64CA3 /* storage-issues.app */,
			);
			name = Products;
			sourceTree = "<group>";
		};
		4631C8EE28FE9C6300A64CA3 /* storage-issues */ = {
			isa = PBXGroup;
			children = (
				4631C8EF28FE9C6300A64CA3 /* AppDelegate.h */,
				4631C8F028FE9C6300A64CA3 /* AppDelegate.m */,
				4631C8F228FE9C6300A64CA3 /* SceneDelegate.h */,
				4631C8F328FE9C6300A64CA3 /* SceneDelegate.m */,
				4631C8F528FE9C6300A64CA3 /* ViewController.h */,
				4631C8F628FE9C6300A64CA3 /* ViewController.m */,
				4631C8F828FE9C6300A64CA3 /* Main.storyboard */,
				4631C8FB28FE9C6500A64CA3 /* Assets.xcassets */,
				4631C8FD28FE9C6500A64CA3 /* LaunchScreen.storyboard */,
				4631C90028FE9C6500A64CA3 /* Info.plist */,
				4631C90128FE9C6500A64CA3 /* main.m */,
			);
			path = "storage-issues";
			sourceTree = "<group>";
		};
		9052899581DEFBDDB9A44664 /* Pods */ = {
			isa = PBXGroup;
			children = (
				C2B803197EA440E44FCAA495 /* Pods-storage-issues.debug.xcconfig */,
				AAB0FEF2E07F10AD1E32D4C1 /* Pods-storage-issues.release.xcconfig */,
			);
			path = Pods;
			sourceTree = "<group>";
		};
		ADD6DF1D26477CC6C2EE1A7C /* Frameworks */ = {
			isa = PBXGroup;
			children = (
				41612FD3BE05079CE8EE49EC /* Pods_storage_issues.framework */,
			);
			name = Frameworks;
			sourceTree = "<group>";
		};
/* End PBXGroup section */

/* Begin PBXNativeTarget section */
		4631C8EB28FE9C6300A64CA3 /* storage-issues */ = {
			isa = PBXNativeTarget;
			buildConfigurationList = 4631C90528FE9C6500A64CA3 /* Build configuration list for PBXNativeTarget "storage-issues" */;
			buildPhases = (
				ED2F2355E910BFE460808B82 /* [CP] Check Pods Manifest.lock */,
				4631C8E828FE9C6300A64CA3 /* Sources */,
				4631C8E928FE9C6300A64CA3 /* Frameworks */,
				4631C8EA28FE9C6300A64CA3 /* Resources */,
				06D8C33F5A94C7AC81B63F30 /* [CP] Embed Pods Frameworks */,
			);
			buildRules = (
			);
			dependencies = (
			);
			name = "storage-issues";
			productName = "storage-issues";
			productReference = 4631C8EC28FE9C6300A64CA3 /* storage-issues.app */;
			productType = "com.apple.product-type.application";
		};
/* End PBXNativeTarget section */

/* Begin PBXProject section */
		4631C8E428FE9C6300A64CA3 /* Project object */ = {
			isa = PBXProject;
			attributes = {
				BuildIndependentTargetsInParallel = 1;
				LastUpgradeCheck = 1400;
				TargetAttributes = {
					4631C8EB28FE9C6300A64CA3 = {
						CreatedOnToolsVersion = 14.0.1;
					};
				};
			};
			buildConfigurationList = 4631C8E728FE9C6300A64CA3 /* Build configuration list for PBXProject "storage-issues" */;
			compatibilityVersion = "Xcode 14.0";
			developmentRegion = en;
			hasScannedForEncodings = 0;
			knownRegions = (
				en,
				Base,
			);
			mainGroup = 4631C8E328FE9C6300A64CA3;
			productRefGroup = 4631C8ED28FE9C6300A64CA3 /* Products */;
			projectDirPath = "";
			projectRoot = "";
			targets = (
				4631C8EB28FE9C6300A64CA3 /* storage-issues */,
			);
		};
/* End PBXProject section */

/* Begin PBXResourcesBuildPhase section */
		4631C8EA28FE9C6300A64CA3 /* Resources */ = {
			isa = PBXResourcesBuildPhase;
			buildActionMask = 2147483647;
			files = (
				4631C8FF28FE9C6500A64CA3 /* LaunchScreen.storyboard in Resources */,
				46B8C4DB28FFF6CA0098FCB4 /* GoogleService-Info.plist in Resources */,
				4631C8FC28FE9C6500A64CA3 /* Assets.xcassets in Resources */,
				4631C8FA28FE9C6300A64CA3 /* Main.storyboard in Resources */,
			);
			runOnlyForDeploymentPostprocessing = 0;
		};
/* End PBXResourcesBuildPhase section */

/* Begin PBXShellScriptBuildPhase section */
		06D8C33F5A94C7AC81B63F30 /* [CP] Embed Pods Frameworks */ = {
			isa = PBXShellScriptBuildPhase;
			buildActionMask = 2147483647;
			files = (
			);
			inputFileListPaths = (
				"${PODS_ROOT}/Target Support Files/Pods-storage-issues/Pods-storage-issues-frameworks-${CONFIGURATION}-input-files.xcfilelist",
			);
			name = "[CP] Embed Pods Frameworks";
			outputFileListPaths = (
				"${PODS_ROOT}/Target Support Files/Pods-storage-issues/Pods-storage-issues-frameworks-${CONFIGURATION}-output-files.xcfilelist",
			);
			runOnlyForDeploymentPostprocessing = 0;
			shellPath = /bin/sh;
			shellScript = "\"${PODS_ROOT}/Target Support Files/Pods-storage-issues/Pods-storage-issues-frameworks.sh\"\n";
			showEnvVarsInLog = 0;
		};
		ED2F2355E910BFE460808B82 /* [CP] Check Pods Manifest.lock */ = {
			isa = PBXShellScriptBuildPhase;
			buildActionMask = 2147483647;
			files = (
			);
			inputFileListPaths = (
			);
			inputPaths = (
				"${PODS_PODFILE_DIR_PATH}/Podfile.lock",
				"${PODS_ROOT}/Manifest.lock",
			);
			name = "[CP] Check Pods Manifest.lock";
			outputFileListPaths = (
			);
			outputPaths = (
				"$(DERIVED_FILE_DIR)/Pods-storage-issues-checkManifestLockResult.txt",
			);
			runOnlyForDeploymentPostprocessing = 0;
			shellPath = /bin/sh;
			shellScript = "diff \"${PODS_PODFILE_DIR_PATH}/Podfile.lock\" \"${PODS_ROOT}/Manifest.lock\" > /dev/null\nif [ $? != 0 ] ; then\n    # print error to STDERR\n    echo \"error: The sandbox is not in sync with the Podfile.lock. Run 'pod install' or update your CocoaPods installation.\" >&2\n    exit 1\nfi\n# This output is used by Xcode 'outputs' to avoid re-running this script phase.\necho \"SUCCESS\" > \"${SCRIPT_OUTPUT_FILE_0}\"\n";
			showEnvVarsInLog = 0;
		};
/* End PBXShellScriptBuildPhase section */

/* Begin PBXSourcesBuildPhase section */
		4631C8E828FE9C6300A64CA3 /* Sources */ = {
			isa = PBXSourcesBuildPhase;
			buildActionMask = 2147483647;
			files = (
				4631C8F728FE9C6300A64CA3 /* ViewController.m in Sources */,
				4631C8F128FE9C6300A64CA3 /* AppDelegate.m in Sources */,
				4631C90228FE9C6500A64CA3 /* main.m in Sources */,
				4631C8F428FE9C6300A64CA3 /* SceneDelegate.m in Sources */,
			);
			runOnlyForDeploymentPostprocessing = 0;
		};
/* End PBXSourcesBuildPhase section */

/* Begin PBXVariantGroup section */
		4631C8F828FE9C6300A64CA3 /* Main.storyboard */ = {
			isa = PBXVariantGroup;
			children = (
				4631C8F928FE9C6300A64CA3 /* Base */,
			);
			name = Main.storyboard;
			sourceTree = "<group>";
		};
		4631C8FD28FE9C6500A64CA3 /* LaunchScreen.storyboard */ = {
			isa = PBXVariantGroup;
			children = (
				4631C8FE28FE9C6500A64CA3 /* Base */,
			);
			name = LaunchScreen.storyboard;
			sourceTree = "<group>";
		};
/* End PBXVariantGroup section */

/* Begin XCBuildConfiguration section */
		4631C90328FE9C6500A64CA3 /* Debug */ = {
			isa = XCBuildConfiguration;
			buildSettings = {
				ALWAYS_SEARCH_USER_PATHS = NO;
				CLANG_ANALYZER_NONNULL = YES;
				CLANG_ANALYZER_NUMBER_OBJECT_CONVERSION = YES_AGGRESSIVE;
				CLANG_CXX_LANGUAGE_STANDARD = "gnu++20";
				CLANG_ENABLE_MODULES = YES;
				CLANG_ENABLE_OBJC_ARC = YES;
				CLANG_ENABLE_OBJC_WEAK = YES;
				CLANG_WARN_BLOCK_CAPTURE_AUTORELEASING = YES;
				CLANG_WARN_BOOL_CONVERSION = YES;
				CLANG_WARN_COMMA = YES;
				CLANG_WARN_CONSTANT_CONVERSION = YES;
				CLANG_WARN_DEPRECATED_OBJC_IMPLEMENTATIONS = YES;
				CLANG_WARN_DIRECT_OBJC_ISA_USAGE = YES_ERROR;
				CLANG_WARN_DOCUMENTATION_COMMENTS = YES;
				CLANG_WARN_EMPTY_BODY = YES;
				CLANG_WARN_ENUM_CONVERSION = YES;
				CLANG_WARN_INFINITE_RECURSION = YES;
				CLANG_WARN_INT_CONVERSION = YES;
				CLANG_WARN_NON_LITERAL_NULL_CONVERSION = YES;
				CLANG_WARN_OBJC_IMPLICIT_RETAIN_SELF = YES;
				CLANG_WARN_OBJC_LITERAL_CONVERSION = YES;
				CLANG_WARN_OBJC_ROOT_CLASS = YES_ERROR;
				CLANG_WARN_QUOTED_INCLUDE_IN_FRAMEWORK_HEADER = YES;
				CLANG_WARN_RANGE_LOOP_ANALYSIS = YES;
				CLANG_WARN_STRICT_PROTOTYPES = YES;
				CLANG_WARN_SUSPICIOUS_MOVE = YES;
				CLANG_WARN_UNGUARDED_AVAILABILITY = YES_AGGRESSIVE;
				CLANG_WARN_UNREACHABLE_CODE = YES;
				CLANG_WARN__DUPLICATE_METHOD_MATCH = YES;
				COPY_PHASE_STRIP = NO;
				DEBUG_INFORMATION_FORMAT = dwarf;
				ENABLE_STRICT_OBJC_MSGSEND = YES;
				ENABLE_TESTABILITY = YES;
				GCC_C_LANGUAGE_STANDARD = gnu11;
				GCC_DYNAMIC_NO_PIC = NO;
				GCC_NO_COMMON_BLOCKS = YES;
				GCC_OPTIMIZATION_LEVEL = 0;
				GCC_PREPROCESSOR_DEFINITIONS = (
					"DEBUG=1",
					"$(inherited)",
				);
				GCC_WARN_64_TO_32_BIT_CONVERSION = YES;
				GCC_WARN_ABOUT_RETURN_TYPE = YES_ERROR;
				GCC_WARN_UNDECLARED_SELECTOR = YES;
				GCC_WARN_UNINITIALIZED_AUTOS = YES_AGGRESSIVE;
				GCC_WARN_UNUSED_FUNCTION = YES;
				GCC_WARN_UNUSED_VARIABLE = YES;
				IPHONEOS_DEPLOYMENT_TARGET = 16.0;
				MTL_ENABLE_DEBUG_INFO = INCLUDE_SOURCE;
				MTL_FAST_MATH = YES;
				ONLY_ACTIVE_ARCH = YES;
				SDKROOT = iphoneos;
			};
			name = Debug;
		};
		4631C90428FE9C6500A64CA3 /* Release */ = {
			isa = XCBuildConfiguration;
			buildSettings = {
				ALWAYS_SEARCH_USER_PATHS = NO;
				CLANG_ANALYZER_NONNULL = YES;
				CLANG_ANALYZER_NUMBER_OBJECT_CONVERSION = YES_AGGRESSIVE;
				CLANG_CXX_LANGUAGE_STANDARD = "gnu++20";
				CLANG_ENABLE_MODULES = YES;
				CLANG_ENABLE_OBJC_ARC = YES;
				CLANG_ENABLE_OBJC_WEAK = YES;
				CLANG_WARN_BLOCK_CAPTURE_AUTORELEASING = YES;
				CLANG_WARN_BOOL_CONVERSION = YES;
				CLANG_WARN_COMMA = YES;
				CLANG_WARN_CONSTANT_CONVERSION = YES;
				CLANG_WARN_DEPRECATED_OBJC_IMPLEMENTATIONS = YES;
				CLANG_WARN_DIRECT_OBJC_ISA_USAGE = YES_ERROR;
				CLANG_WARN_DOCUMENTATION_COMMENTS = YES;
				CLANG_WARN_EMPTY_BODY = YES;
				CLANG_WARN_ENUM_CONVERSION = YES;
				CLANG_WARN_INFINITE_RECURSION = YES;
				CLANG_WARN_INT_CONVERSION = YES;
				CLANG_WARN_NON_LITERAL_NULL_CONVERSION = YES;
				CLANG_WARN_OBJC_IMPLICIT_RETAIN_SELF = YES;
				CLANG_WARN_OBJC_LITERAL_CONVERSION = YES;
				CLANG_WARN_OBJC_ROOT_CLASS = YES_ERROR;
				CLANG_WARN_QUOTED_INCLUDE_IN_FRAMEWORK_HEADER = YES;
				CLANG_WARN_RANGE_LOOP_ANALYSIS = YES;
				CLANG_WARN_STRICT_PROTOTYPES = YES;
				CLANG_WARN_SUSPICIOUS_MOVE = YES;
				CLANG_WARN_UNGUARDED_AVAILABILITY = YES_AGGRESSIVE;
				CLANG_WARN_UNREACHABLE_CODE = YES;
				CLANG_WARN__DUPLICATE_METHOD_MATCH = YES;
				COPY_PHASE_STRIP = NO;
				DEBUG_INFORMATION_FORMAT = "dwarf-with-dsym";
				ENABLE_NS_ASSERTIONS = NO;
				ENABLE_STRICT_OBJC_MSGSEND = YES;
				GCC_C_LANGUAGE_STANDARD = gnu11;
				GCC_NO_COMMON_BLOCKS = YES;
				GCC_WARN_64_TO_32_BIT_CONVERSION = YES;
				GCC_WARN_ABOUT_RETURN_TYPE = YES_ERROR;
				GCC_WARN_UNDECLARED_SELECTOR = YES;
				GCC_WARN_UNINITIALIZED_AUTOS = YES_AGGRESSIVE;
				GCC_WARN_UNUSED_FUNCTION = YES;
				GCC_WARN_UNUSED_VARIABLE = YES;
				IPHONEOS_DEPLOYMENT_TARGET = 16.0;
				MTL_ENABLE_DEBUG_INFO = NO;
				MTL_FAST_MATH = YES;
				SDKROOT = iphoneos;
				VALIDATE_PRODUCT = YES;
			};
			name = Release;
		};
		4631C90628FE9C6500A64CA3 /* Debug */ = {
			isa = XCBuildConfiguration;
			baseConfigurationReference = C2B803197EA440E44FCAA495 /* Pods-storage-issues.debug.xcconfig */;
			buildSettings = {
				ASSETCATALOG_COMPILER_APPICON_NAME = AppIcon;
				ASSETCATALOG_COMPILER_GLOBAL_ACCENT_COLOR_NAME = AccentColor;
				CODE_SIGN_STYLE = Automatic;
				CURRENT_PROJECT_VERSION = 1;
				DEVELOPMENT_TEAM = YYX2P3XVJ7;
				GENERATE_INFOPLIST_FILE = YES;
				INFOPLIST_FILE = "storage-issues/Info.plist";
				INFOPLIST_KEY_UIApplicationSupportsIndirectInputEvents = YES;
				INFOPLIST_KEY_UILaunchStoryboardName = LaunchScreen;
				INFOPLIST_KEY_UIMainStoryboardFile = Main;
				INFOPLIST_KEY_UISupportedInterfaceOrientations_iPad = "UIInterfaceOrientationPortrait UIInterfaceOrientationPortraitUpsideDown UIInterfaceOrientationLandscapeLeft UIInterfaceOrientationLandscapeRight";
				INFOPLIST_KEY_UISupportedInterfaceOrientations_iPhone = "UIInterfaceOrientationPortrait UIInterfaceOrientationLandscapeLeft UIInterfaceOrientationLandscapeRight";
				LD_RUNPATH_SEARCH_PATHS = (
					"$(inherited)",
					"@executable_path/Frameworks",
				);
				MARKETING_VERSION = 1.0;
				PRODUCT_BUNDLE_IDENTIFIER = io.flutter.plugins.firebase.storage.example;
				PRODUCT_NAME = "$(TARGET_NAME)";
				SWIFT_EMIT_LOC_STRINGS = YES;
				TARGETED_DEVICE_FAMILY = "1,2";
			};
			name = Debug;
		};
		4631C90728FE9C6500A64CA3 /* Release */ = {
			isa = XCBuildConfiguration;
			baseConfigurationReference = AAB0FEF2E07F10AD1E32D4C1 /* Pods-storage-issues.release.xcconfig */;
			buildSettings = {
				ASSETCATALOG_COMPILER_APPICON_NAME = AppIcon;
				ASSETCATALOG_COMPILER_GLOBAL_ACCENT_COLOR_NAME = AccentColor;
				CODE_SIGN_STYLE = Automatic;
				CURRENT_PROJECT_VERSION = 1;
				DEVELOPMENT_TEAM = YYX2P3XVJ7;
				GENERATE_INFOPLIST_FILE = YES;
				INFOPLIST_FILE = "storage-issues/Info.plist";
				INFOPLIST_KEY_UIApplicationSupportsIndirectInputEvents = YES;
				INFOPLIST_KEY_UILaunchStoryboardName = LaunchScreen;
				INFOPLIST_KEY_UIMainStoryboardFile = Main;
				INFOPLIST_KEY_UISupportedInterfaceOrientations_iPad = "UIInterfaceOrientationPortrait UIInterfaceOrientationPortraitUpsideDown UIInterfaceOrientationLandscapeLeft UIInterfaceOrientationLandscapeRight";
				INFOPLIST_KEY_UISupportedInterfaceOrientations_iPhone = "UIInterfaceOrientationPortrait UIInterfaceOrientationLandscapeLeft UIInterfaceOrientationLandscapeRight";
				LD_RUNPATH_SEARCH_PATHS = (
					"$(inherited)",
					"@executable_path/Frameworks",
				);
				MARKETING_VERSION = 1.0;
				PRODUCT_BUNDLE_IDENTIFIER = io.flutter.plugins.firebase.storage.example;
				PRODUCT_NAME = "$(TARGET_NAME)";
				SWIFT_EMIT_LOC_STRINGS = YES;
				TARGETED_DEVICE_FAMILY = "1,2";
			};
			name = Release;
		};
/* End XCBuildConfiguration section */

/* Begin XCConfigurationList section */
		4631C8E728FE9C6300A64CA3 /* Build configuration list for PBXProject "storage-issues" */ = {
			isa = XCConfigurationList;
			buildConfigurations = (
				4631C90328FE9C6500A64CA3 /* Debug */,
				4631C90428FE9C6500A64CA3 /* Release */,
			);
			defaultConfigurationIsVisible = 0;
			defaultConfigurationName = Release;
		};
		4631C90528FE9C6500A64CA3 /* Build configuration list for PBXNativeTarget "storage-issues" */ = {
			isa = XCConfigurationList;
			buildConfigurations = (
				4631C90628FE9C6500A64CA3 /* Debug */,
				4631C90728FE9C6500A64CA3 /* Release */,
			);
			defaultConfigurationIsVisible = 0;
			defaultConfigurationName = Release;
		};
/* End XCConfigurationList section */
	};
	rootObject = 4631C8E428FE9C6300A64CA3 /* Project object */;
}
